
Microsoft Visual Studio Solution File, Format Version 12.00
# Visual Studio Version 17
VisualStudioVersion = 17.7.34024.191
MinimumVisualStudioVersion = 10.0.40219.1
Project("{FAE04EC0-301F-11D3-BF4B-00C04F79EFBC}") = "hw(file_stream)", "hw(file_stream)\hw(file_stream).csproj", "{D7BDBCB0-9BDA-4C90-A543-2B6CA52999FC}"
EndProject
Global
	GlobalSection(SolutionConfigurationPlatforms) = preSolution
		Debug|Any CPU = Debug|Any CPU
		Release|Any CPU = Release|Any CPU
	EndGlobalSection
	GlobalSection(ProjectConfigurationPlatforms) = postSolution
		{D7BDBCB0-9BDA-4C90-A543-2B6CA52999FC}.Debug|Any CPU.ActiveCfg = Debug|Any CPU
		{D7BDBCB0-9BDA-4C90-A543-2B6CA52999FC}.Debug|Any CPU.Build.0 = Debug|Any CPU
		{D7BDBCB0-9BDA-4C90-A543-2B6CA52999FC}.Release|Any CPU.ActiveCfg = Release|Any CPU
		{D7BDBCB0-9BDA-4C90-A543-2B6CA52999FC}.Release|Any CPU.Build.0 = Release|Any CPU
	EndGlobalSection
	GlobalSection(SolutionProperties) = preSolution
		HideSolutionNode = FALSE
	EndGlobalSection
	GlobalSection(ExtensibilityGlobals) = postSolution
		SolutionGuid = {A53902F0-D631-4B88-A3E0-08670BFBE995}
	EndGlobalSection
EndGlobal
