
Microsoft Visual Studio Solution File, Format Version 12.00
# Visual Studio Version 17
VisualStudioVersion = 17.7.34024.191
MinimumVisualStudioVersion = 10.0.40219.1
Project("{FAE04EC0-301F-11D3-BF4B-00C04F79EFBC}") = "14_practice", "14_practice\14_practice.csproj", "{D77B5E45-CB09-4FFB-A129-AFE1B2E2B2D6}"
EndProject
Global
	GlobalSection(SolutionConfigurationPlatforms) = preSolution
		Debug|Any CPU = Debug|Any CPU
		Release|Any CPU = Release|Any CPU
	EndGlobalSection
	GlobalSection(ProjectConfigurationPlatforms) = postSolution
		{D77B5E45-CB09-4FFB-A129-AFE1B2E2B2D6}.Debug|Any CPU.ActiveCfg = Debug|Any CPU
		{D77B5E45-CB09-4FFB-A129-AFE1B2E2B2D6}.Debug|Any CPU.Build.0 = Debug|Any CPU
		{D77B5E45-CB09-4FFB-A129-AFE1B2E2B2D6}.Release|Any CPU.ActiveCfg = Release|Any CPU
		{D77B5E45-CB09-4FFB-A129-AFE1B2E2B2D6}.Release|Any CPU.Build.0 = Release|Any CPU
	EndGlobalSection
	GlobalSection(SolutionProperties) = preSolution
		HideSolutionNode = FALSE
	EndGlobalSection
	GlobalSection(ExtensibilityGlobals) = postSolution
		SolutionGuid = {BE844345-1536-4AD4-8F00-63B5FA38846B}
	EndGlobalSection
EndGlobal
