
Microsoft Visual Studio Solution File, Format Version 12.00
# Visual Studio Version 17
VisualStudioVersion = 17.7.34024.191
MinimumVisualStudioVersion = 10.0.40219.1
Project("{FAE04EC0-301F-11D3-BF4B-00C04F79EFBC}") = "hw(12_13_overload_op)", "hw(12_13_overload_op)\hw(12_13_overload_op).csproj", "{FA1BF324-C842-4B06-B827-2A616A2D57C6}"
EndProject
Global
	GlobalSection(SolutionConfigurationPlatforms) = preSolution
		Debug|Any CPU = Debug|Any CPU
		Release|Any CPU = Release|Any CPU
	EndGlobalSection
	GlobalSection(ProjectConfigurationPlatforms) = postSolution
		{FA1BF324-C842-4B06-B827-2A616A2D57C6}.Debug|Any CPU.ActiveCfg = Debug|Any CPU
		{FA1BF324-C842-4B06-B827-2A616A2D57C6}.Debug|Any CPU.Build.0 = Debug|Any CPU
		{FA1BF324-C842-4B06-B827-2A616A2D57C6}.Release|Any CPU.ActiveCfg = Release|Any CPU
		{FA1BF324-C842-4B06-B827-2A616A2D57C6}.Release|Any CPU.Build.0 = Release|Any CPU
	EndGlobalSection
	GlobalSection(SolutionProperties) = preSolution
		HideSolutionNode = FALSE
	EndGlobalSection
	GlobalSection(ExtensibilityGlobals) = postSolution
		SolutionGuid = {DAF993FC-2BF3-4092-A955-1FAFAFD15A20}
	EndGlobalSection
EndGlobal
