
Microsoft Visual Studio Solution File, Format Version 12.00
# Visual Studio Version 17
VisualStudioVersion = 17.7.34024.191
MinimumVisualStudioVersion = 10.0.40219.1
Project("{FAE04EC0-301F-11D3-BF4B-00C04F79EFBC}") = "hw(24_26_generic_collections)", "hw(24_26_generic_collections)\hw(24_26_generic_collections).csproj", "{1A02E2B4-DDC2-48E2-924A-7520213BD413}"
EndProject
Global
	GlobalSection(SolutionConfigurationPlatforms) = preSolution
		Debug|Any CPU = Debug|Any CPU
		Release|Any CPU = Release|Any CPU
	EndGlobalSection
	GlobalSection(ProjectConfigurationPlatforms) = postSolution
		{1A02E2B4-DDC2-48E2-924A-7520213BD413}.Debug|Any CPU.ActiveCfg = Debug|Any CPU
		{1A02E2B4-DDC2-48E2-924A-7520213BD413}.Debug|Any CPU.Build.0 = Debug|Any CPU
		{1A02E2B4-DDC2-48E2-924A-7520213BD413}.Release|Any CPU.ActiveCfg = Release|Any CPU
		{1A02E2B4-DDC2-48E2-924A-7520213BD413}.Release|Any CPU.Build.0 = Release|Any CPU
	EndGlobalSection
	GlobalSection(SolutionProperties) = preSolution
		HideSolutionNode = FALSE
	EndGlobalSection
	GlobalSection(ExtensibilityGlobals) = postSolution
		SolutionGuid = {DC02A5BA-AF8D-4A4E-8C10-7A32621B60A9}
	EndGlobalSection
EndGlobal
