
Microsoft Visual Studio Solution File, Format Version 12.00
# Visual Studio Version 17
VisualStudioVersion = 17.7.34024.191
MinimumVisualStudioVersion = 10.0.40219.1
Project("{FAE04EC0-301F-11D3-BF4B-00C04F79EFBC}") = "20_23_practice", "20_23_practice\20_23_practice.csproj", "{B3C647E8-9C5B-4DFF-BBE6-B8948FC946C8}"
EndProject
Global
	GlobalSection(SolutionConfigurationPlatforms) = preSolution
		Debug|Any CPU = Debug|Any CPU
		Release|Any CPU = Release|Any CPU
	EndGlobalSection
	GlobalSection(ProjectConfigurationPlatforms) = postSolution
		{B3C647E8-9C5B-4DFF-BBE6-B8948FC946C8}.Debug|Any CPU.ActiveCfg = Debug|Any CPU
		{B3C647E8-9C5B-4DFF-BBE6-B8948FC946C8}.Debug|Any CPU.Build.0 = Debug|Any CPU
		{B3C647E8-9C5B-4DFF-BBE6-B8948FC946C8}.Release|Any CPU.ActiveCfg = Release|Any CPU
		{B3C647E8-9C5B-4DFF-BBE6-B8948FC946C8}.Release|Any CPU.Build.0 = Release|Any CPU
	EndGlobalSection
	GlobalSection(SolutionProperties) = preSolution
		HideSolutionNode = FALSE
	EndGlobalSection
	GlobalSection(ExtensibilityGlobals) = postSolution
		SolutionGuid = {FFE203BB-F69B-4552-98D0-58B210179968}
	EndGlobalSection
EndGlobal
