
Microsoft Visual Studio Solution File, Format Version 12.00
# Visual Studio Version 17
VisualStudioVersion = 17.8.34511.84
MinimumVisualStudioVersion = 10.0.40219.1
Project("{FAE04EC0-301F-11D3-BF4B-00C04F79EFBC}") = "hw(file_system)", "hw(file_system)\hw(file_system).csproj", "{A8CDB5BD-6434-426C-A61E-B5FB18196564}"
EndProject
Global
	GlobalSection(SolutionConfigurationPlatforms) = preSolution
		Debug|Any CPU = Debug|Any CPU
		Release|Any CPU = Release|Any CPU
	EndGlobalSection
	GlobalSection(ProjectConfigurationPlatforms) = postSolution
		{A8CDB5BD-6434-426C-A61E-B5FB18196564}.Debug|Any CPU.ActiveCfg = Debug|Any CPU
		{A8CDB5BD-6434-426C-A61E-B5FB18196564}.Debug|Any CPU.Build.0 = Debug|Any CPU
		{A8CDB5BD-6434-426C-A61E-B5FB18196564}.Release|Any CPU.ActiveCfg = Release|Any CPU
		{A8CDB5BD-6434-426C-A61E-B5FB18196564}.Release|Any CPU.Build.0 = Release|Any CPU
	EndGlobalSection
	GlobalSection(SolutionProperties) = preSolution
		HideSolutionNode = FALSE
	EndGlobalSection
	GlobalSection(ExtensibilityGlobals) = postSolution
		SolutionGuid = {60F01EB5-4EA5-4766-9E42-5AF7B50A3729}
	EndGlobalSection
EndGlobal
